<?xml version="1.0" encoding="UTF-8"?>
<!DOCTYPE plist PUBLIC "-//Apple//DTD PLIST 1.0//EN" "http://www.apple.com/DTDs/PropertyList-1.0.dtd">
<plist version="1.0">
<dict>
	<key>archiveVersion</key>
	<string>1</string>
	<key>classes</key>
	<dict/>
	<key>objectVersion</key>
	<string>46</string>
	<key>objects</key>
	<dict>
		<key>18465FB9198DC8AB0016E8A8</key>
		<dict>
			<key>fileEncoding</key>
			<string>4</string>
			<key>isa</key>
			<string>PBXFileReference</string>
			<key>lastKnownFileType</key>
			<string>sourcecode.c.h</string>
			<key>path</key>
			<string>PaymentViewController.h</string>
			<key>sourceTree</key>
			<string>&lt;group&gt;</string>
		</dict>
		<key>18465FBA198DC8AB0016E8A8</key>
		<dict>
			<key>fileEncoding</key>
			<string>4</string>
			<key>isa</key>
			<string>PBXFileReference</string>
			<key>lastKnownFileType</key>
			<string>sourcecode.c.objc</string>
			<key>path</key>
			<string>PaymentViewController.m</string>
			<key>sourceTree</key>
			<string>&lt;group&gt;</string>
		</dict>
		<key>18465FBB198DC8AB0016E8A8</key>
		<dict>
			<key>fileRef</key>
			<string>18465FBA198DC8AB0016E8A8</string>
			<key>isa</key>
			<string>PBXBuildFile</string>
		</dict>
		<key>18465FBC198DCB3C0016E8A8</key>
		<dict>
			<key>fileEncoding</key>
			<string>4</string>
			<key>isa</key>
			<string>PBXFileReference</string>
			<key>lastKnownFileType</key>
			<string>sourcecode.c.h</string>
			<key>path</key>
			<string>APBluePadStyle.h</string>
			<key>sourceTree</key>
			<string>&lt;group&gt;</string>
		</dict>
		<key>18465FBD198DCB3C0016E8A8</key>
		<dict>
			<key>fileEncoding</key>
			<string>4</string>
			<key>isa</key>
			<string>PBXFileReference</string>
			<key>lastKnownFileType</key>
			<string>sourcecode.c.objc</string>
			<key>path</key>
			<string>APBluePadStyle.m</string>
			<key>sourceTree</key>
			<string>&lt;group&gt;</string>
		</dict>
		<key>18465FBE198DCB3C0016E8A8</key>
		<dict>
			<key>fileEncoding</key>
			<string>4</string>
			<key>isa</key>
			<string>PBXFileReference</string>
			<key>lastKnownFileType</key>
			<string>sourcecode.c.h</string>
			<key>path</key>
			<string>APDarkPadStyle.h</string>
			<key>sourceTree</key>
			<string>&lt;group&gt;</string>
		</dict>
		<key>18465FBF198DCB3C0016E8A8</key>
		<dict>
			<key>fileEncoding</key>
			<string>4</string>
			<key>isa</key>
			<string>PBXFileReference</string>
			<key>lastKnownFileType</key>
			<string>sourcecode.c.objc</string>
			<key>path</key>
			<string>APDarkPadStyle.m</string>
			<key>sourceTree</key>
			<string>&lt;group&gt;</string>
		</dict>
		<key>18465FC0198DCB3C0016E8A8</key>
		<dict>
			<key>fileRef</key>
			<string>18465FBD198DCB3C0016E8A8</string>
			<key>isa</key>
			<string>PBXBuildFile</string>
		</dict>
		<key>18465FC1198DCB3C0016E8A8</key>
		<dict>
			<key>fileRef</key>
			<string>18465FBF198DCB3C0016E8A8</string>
			<key>isa</key>
			<string>PBXBuildFile</string>
		</dict>
		<key>18465FC2198DCB4E0016E8A8</key>
		<dict>
			<key>fileEncoding</key>
			<string>4</string>
			<key>isa</key>
			<string>PBXFileReference</string>
			<key>lastKnownFileType</key>
			<string>sourcecode.c.h</string>
			<key>path</key>
			<string>APNumberButton.h</string>
			<key>sourceTree</key>
			<string>&lt;group&gt;</string>
		</dict>
		<key>18465FC3198DCB4E0016E8A8</key>
		<dict>
			<key>fileEncoding</key>
			<string>4</string>
			<key>isa</key>
			<string>PBXFileReference</string>
			<key>lastKnownFileType</key>
			<string>sourcecode.c.objc</string>
			<key>path</key>
			<string>APNumberButton.m</string>
			<key>sourceTree</key>
			<string>&lt;group&gt;</string>
		</dict>
		<key>18465FC4198DCB4E0016E8A8</key>
		<dict>
			<key>fileEncoding</key>
			<string>4</string>
			<key>isa</key>
			<string>PBXFileReference</string>
			<key>lastKnownFileType</key>
			<string>sourcecode.c.h</string>
			<key>path</key>
			<string>APNumberPad.h</string>
			<key>sourceTree</key>
			<string>&lt;group&gt;</string>
		</dict>
		<key>18465FC5198DCB4E0016E8A8</key>
		<dict>
			<key>fileEncoding</key>
			<string>4</string>
			<key>isa</key>
			<string>PBXFileReference</string>
			<key>lastKnownFileType</key>
			<string>sourcecode.c.objc</string>
			<key>path</key>
			<string>APNumberPad.m</string>
			<key>sourceTree</key>
			<string>&lt;group&gt;</string>
		</dict>
		<key>18465FC6198DCB4E0016E8A8</key>
		<dict>
			<key>fileEncoding</key>
			<string>4</string>
			<key>isa</key>
			<string>PBXFileReference</string>
			<key>lastKnownFileType</key>
			<string>sourcecode.c.h</string>
			<key>path</key>
			<string>APNumberPadDefaultStyle.h</string>
			<key>sourceTree</key>
			<string>&lt;group&gt;</string>
		</dict>
		<key>18465FC7198DCB4E0016E8A8</key>
		<dict>
			<key>fileEncoding</key>
			<string>4</string>
			<key>isa</key>
			<string>PBXFileReference</string>
			<key>lastKnownFileType</key>
			<string>sourcecode.c.objc</string>
			<key>path</key>
			<string>APNumberPadDefaultStyle.m</string>
			<key>sourceTree</key>
			<string>&lt;group&gt;</string>
		</dict>
		<key>18465FC8198DCB4E0016E8A8</key>
		<dict>
			<key>fileEncoding</key>
			<string>4</string>
			<key>isa</key>
			<string>PBXFileReference</string>
			<key>lastKnownFileType</key>
			<string>sourcecode.c.h</string>
			<key>path</key>
			<string>APNumberPadStyle.h</string>
			<key>sourceTree</key>
			<string>&lt;group&gt;</string>
		</dict>
		<key>18465FC9198DCB4E0016E8A8</key>
		<dict>
			<key>fileRef</key>
			<string>18465FC3198DCB4E0016E8A8</string>
			<key>isa</key>
			<string>PBXBuildFile</string>
		</dict>
		<key>18465FCA198DCB4E0016E8A8</key>
		<dict>
			<key>fileRef</key>
			<string>18465FC5198DCB4E0016E8A8</string>
			<key>isa</key>
			<string>PBXBuildFile</string>
		</dict>
		<key>18465FCB198DCB4E0016E8A8</key>
		<dict>
			<key>fileRef</key>
			<string>18465FC7198DCB4E0016E8A8</string>
			<key>isa</key>
			<string>PBXBuildFile</string>
		</dict>
		<key>18465FCC198DD9B60016E8A8</key>
		<dict>
			<key>isa</key>
			<string>PBXFileReference</string>
			<key>lastKnownFileType</key>
			<string>image.png</string>
			<key>path</key>
			<string>CreditCard.png</string>
			<key>sourceTree</key>
			<string>&lt;group&gt;</string>
		</dict>
		<key>18465FCD198DD9B60016E8A8</key>
		<dict>
			<key>fileRef</key>
			<string>18465FCC198DD9B60016E8A8</string>
			<key>isa</key>
			<string>PBXBuildFile</string>
		</dict>
		<key>5306CB94198DBA8A008B9889</key>
		<dict>
			<key>children</key>
			<array>
				<string>18465FBC198DCB3C0016E8A8</string>
				<string>18465FBD198DCB3C0016E8A8</string>
				<string>18465FBE198DCB3C0016E8A8</string>
				<string>18465FBF198DCB3C0016E8A8</string>
				<string>18465FC2198DCB4E0016E8A8</string>
				<string>18465FC3198DCB4E0016E8A8</string>
				<string>18465FC4198DCB4E0016E8A8</string>
				<string>18465FC5198DCB4E0016E8A8</string>
				<string>18465FC6198DCB4E0016E8A8</string>
				<string>18465FC7198DCB4E0016E8A8</string>
				<string>18465FC8198DCB4E0016E8A8</string>
				<string>5306CBA6198DBA8B008B9889</string>
				<string>5306CBC5198DBA8B008B9889</string>
				<string>5306CB9F198DBA8A008B9889</string>
				<string>5306CB9E198DBA8A008B9889</string>
				<string>DC270AFCC8F7430C930BAD0A</string>
			</array>
			<key>isa</key>
			<string>PBXGroup</string>
			<key>sourceTree</key>
			<string>&lt;group&gt;</string>
		</dict>
		<key>5306CB95198DBA8A008B9889</key>
		<dict>
			<key>attributes</key>
			<dict>
				<key>LastUpgradeCheck</key>
				<string>0510</string>
				<key>ORGANIZATIONNAME</key>
				<string>ychacks</string>
				<key>TargetAttributes</key>
				<dict>
					<key>5306CB9C198DBA8A008B9889</key>
					<dict>
						<key>DevelopmentTeam</key>
						<string>7FX28RKSGV</string>
					</dict>
					<key>5306CBBD198DBA8B008B9889</key>
					<dict>
						<key>TestTargetID</key>
						<string>5306CB9C198DBA8A008B9889</string>
					</dict>
				</dict>
			</dict>
			<key>buildConfigurationList</key>
			<string>5306CB98198DBA8A008B9889</string>
			<key>compatibilityVersion</key>
			<string>Xcode 3.2</string>
			<key>developmentRegion</key>
			<string>English</string>
			<key>hasScannedForEncodings</key>
			<string>0</string>
			<key>isa</key>
			<string>PBXProject</string>
			<key>knownRegions</key>
			<array>
				<string>en</string>
				<string>Base</string>
			</array>
			<key>mainGroup</key>
			<string>5306CB94198DBA8A008B9889</string>
			<key>productRefGroup</key>
			<string>5306CB9E198DBA8A008B9889</string>
			<key>projectDirPath</key>
			<string></string>
			<key>projectReferences</key>
			<array/>
			<key>projectRoot</key>
			<string></string>
			<key>targets</key>
			<array>
				<string>5306CB9C198DBA8A008B9889</string>
				<string>5306CBBD198DBA8B008B9889</string>
			</array>
		</dict>
		<key>5306CB98198DBA8A008B9889</key>
		<dict>
			<key>buildConfigurations</key>
			<array>
				<string>5306CBCD198DBA8B008B9889</string>
				<string>5306CBCE198DBA8B008B9889</string>
			</array>
			<key>defaultConfigurationIsVisible</key>
			<string>0</string>
			<key>defaultConfigurationName</key>
			<string>Release</string>
			<key>isa</key>
			<string>XCConfigurationList</string>
		</dict>
		<key>5306CB99198DBA8A008B9889</key>
		<dict>
			<key>buildActionMask</key>
			<string>2147483647</string>
			<key>files</key>
			<array>
				<string>18465FC1198DCB3C0016E8A8</string>
				<string>18465FCB198DCB4E0016E8A8</string>
				<string>538C0831198E23AA00595A06</string>
				<string>18465FCA198DCB4E0016E8A8</string>
				<string>538C0820198DEDC900595A06</string>
				<string>18465FBB198DC8AB0016E8A8</string>
				<string>538C0823198E07CA00595A06</string>
				<string>5306CBB1198DBA8B008B9889</string>
				<string>538C0807198DE1C000595A06</string>
				<string>18465FC9198DCB4E0016E8A8</string>
				<string>18465FC0198DCB3C0016E8A8</string>
				<string>5306CBAD198DBA8B008B9889</string>
			</array>
			<key>isa</key>
			<string>PBXSourcesBuildPhase</string>
			<key>runOnlyForDeploymentPostprocessing</key>
			<string>0</string>
		</dict>
		<key>5306CB9A198DBA8A008B9889</key>
		<dict>
			<key>buildActionMask</key>
			<string>2147483647</string>
			<key>files</key>
			<array>
				<string>538C082E198E22D600595A06</string>
				<string>538C081D198DE3BF00595A06</string>
				<string>538C081B198DE3B800595A06</string>
				<string>538C0819198DE3AB00595A06</string>
				<string>538C0817198DE3A300595A06</string>
				<string>538C0815198DE39B00595A06</string>
				<string>538C0813198DE39100595A06</string>
				<string>538C0811198DE38A00595A06</string>
				<string>538C082C198E226600595A06</string>
				<string>5306CBA3198DBA8B008B9889</string>
				<string>538C080F198DE37B00595A06</string>
				<string>538C080D198DE37400595A06</string>
				<string>538C0809198DE1EA00595A06</string>
				<string>5306CBA5198DBA8B008B9889</string>
				<string>5306CBA1198DBA8B008B9889</string>
				<string>538C080B198DE1F400595A06</string>
				<string>B261105D16F04F9CADD9EA03</string>
			</array>
			<key>isa</key>
			<string>PBXFrameworksBuildPhase</string>
			<key>runOnlyForDeploymentPostprocessing</key>
			<string>0</string>
		</dict>
		<key>5306CB9B198DBA8A008B9889</key>
		<dict>
			<key>buildActionMask</key>
			<string>2147483647</string>
			<key>files</key>
			<array>
				<string>18465FCD198DD9B60016E8A8</string>
				<string>5306CBB9198DBA8B008B9889</string>
				<string>5306CBAB198DBA8B008B9889</string>
				<string>5306CBB4198DBA8B008B9889</string>
			</array>
			<key>isa</key>
			<string>PBXResourcesBuildPhase</string>
			<key>runOnlyForDeploymentPostprocessing</key>
			<string>0</string>
		</dict>
		<key>5306CB9C198DBA8A008B9889</key>
		<dict>
			<key>buildConfigurationList</key>
			<string>5306CBCF198DBA8B008B9889</string>
			<key>buildPhases</key>
			<array>
				<string>AF51D30089074FA8B7D6C412</string>
				<string>5306CB99198DBA8A008B9889</string>
				<string>5306CB9A198DBA8A008B9889</string>
				<string>5306CB9B198DBA8A008B9889</string>
				<string>549D30AB5353406B9BF04478</string>
			</array>
			<key>buildRules</key>
			<array/>
			<key>dependencies</key>
			<array/>
			<key>isa</key>
			<string>PBXNativeTarget</string>
			<key>name</key>
			<string>Kache</string>
			<key>productName</key>
			<string>Kache</string>
			<key>productReference</key>
			<string>5306CB9D198DBA8A008B9889</string>
			<key>productType</key>
			<string>com.apple.product-type.application</string>
		</dict>
		<key>5306CB9D198DBA8A008B9889</key>
		<dict>
			<key>explicitFileType</key>
			<string>wrapper.application</string>
			<key>includeInIndex</key>
			<string>0</string>
			<key>isa</key>
			<string>PBXFileReference</string>
			<key>path</key>
			<string>Kache.app</string>
			<key>sourceTree</key>
			<string>BUILT_PRODUCTS_DIR</string>
		</dict>
		<key>5306CB9E198DBA8A008B9889</key>
		<dict>
			<key>children</key>
			<array>
				<string>5306CB9D198DBA8A008B9889</string>
				<string>5306CBBE198DBA8B008B9889</string>
			</array>
			<key>isa</key>
			<string>PBXGroup</string>
			<key>name</key>
			<string>Products</string>
			<key>sourceTree</key>
			<string>&lt;group&gt;</string>
		</dict>
		<key>5306CB9F198DBA8A008B9889</key>
		<dict>
			<key>children</key>
			<array>
				<string>538C082D198E22D600595A06</string>
				<string>538C0824198E226600595A06</string>
				<string>538C081C198DE3BF00595A06</string>
				<string>538C081A198DE3B800595A06</string>
				<string>538C0818198DE3AB00595A06</string>
				<string>538C0816198DE3A300595A06</string>
				<string>538C0814198DE39B00595A06</string>
				<string>538C0812198DE39100595A06</string>
				<string>538C0810198DE38A00595A06</string>
				<string>538C080E198DE37B00595A06</string>
				<string>538C080C198DE37400595A06</string>
				<string>538C080A198DE1F400595A06</string>
				<string>538C0808198DE1EA00595A06</string>
				<string>5306CBA0198DBA8B008B9889</string>
				<string>5306CBA2198DBA8B008B9889</string>
				<string>5306CBA4198DBA8B008B9889</string>
				<string>5306CBBF198DBA8B008B9889</string>
				<string>AADA87FF163F4E54B7BF222A</string>
			</array>
			<key>isa</key>
			<string>PBXGroup</string>
			<key>name</key>
			<string>Frameworks</string>
			<key>sourceTree</key>
			<string>&lt;group&gt;</string>
		</dict>
		<key>5306CBA0198DBA8B008B9889</key>
		<dict>
			<key>isa</key>
			<string>PBXFileReference</string>
			<key>lastKnownFileType</key>
			<string>wrapper.framework</string>
			<key>name</key>
			<string>Foundation.framework</string>
			<key>path</key>
			<string>System/Library/Frameworks/Foundation.framework</string>
			<key>sourceTree</key>
			<string>SDKROOT</string>
		</dict>
		<key>5306CBA1198DBA8B008B9889</key>
		<dict>
			<key>fileRef</key>
			<string>5306CBA0198DBA8B008B9889</string>
			<key>isa</key>
			<string>PBXBuildFile</string>
		</dict>
		<key>5306CBA2198DBA8B008B9889</key>
		<dict>
			<key>isa</key>
			<string>PBXFileReference</string>
			<key>lastKnownFileType</key>
			<string>wrapper.framework</string>
			<key>name</key>
			<string>CoreGraphics.framework</string>
			<key>path</key>
			<string>System/Library/Frameworks/CoreGraphics.framework</string>
			<key>sourceTree</key>
			<string>SDKROOT</string>
		</dict>
		<key>5306CBA3198DBA8B008B9889</key>
		<dict>
			<key>fileRef</key>
			<string>5306CBA2198DBA8B008B9889</string>
			<key>isa</key>
			<string>PBXBuildFile</string>
		</dict>
		<key>5306CBA4198DBA8B008B9889</key>
		<dict>
			<key>isa</key>
			<string>PBXFileReference</string>
			<key>lastKnownFileType</key>
			<string>wrapper.framework</string>
			<key>name</key>
			<string>UIKit.framework</string>
			<key>path</key>
			<string>System/Library/Frameworks/UIKit.framework</string>
			<key>sourceTree</key>
			<string>SDKROOT</string>
		</dict>
		<key>5306CBA5198DBA8B008B9889</key>
		<dict>
			<key>fileRef</key>
			<string>5306CBA4198DBA8B008B9889</string>
			<key>isa</key>
			<string>PBXBuildFile</string>
		</dict>
		<key>5306CBA6198DBA8B008B9889</key>
		<dict>
			<key>children</key>
			<array>
				<string>18465FCC198DD9B60016E8A8</string>
				<string>5306CBAF198DBA8B008B9889</string>
				<string>5306CBB0198DBA8B008B9889</string>
				<string>5306CBB2198DBA8B008B9889</string>
				<string>538C082F198E23AA00595A06</string>
				<string>538C0830198E23AA00595A06</string>
				<string>538C0821198E07CA00595A06</string>
				<string>538C0822198E07CA00595A06</string>
				<string>538C0805198DE1C000595A06</string>
				<string>538C0806198DE1C000595A06</string>
				<string>538C081E198DEDC900595A06</string>
				<string>538C081F198DEDC900595A06</string>
				<string>18465FB9198DC8AB0016E8A8</string>
				<string>18465FBA198DC8AB0016E8A8</string>
				<string>5306CBB8198DBA8B008B9889</string>
				<string>5306CBA7198DBA8B008B9889</string>
			</array>
			<key>isa</key>
			<string>PBXGroup</string>
			<key>path</key>
			<string>Kache</string>
			<key>sourceTree</key>
			<string>&lt;group&gt;</string>
		</dict>
		<key>5306CBA7198DBA8B008B9889</key>
		<dict>
			<key>children</key>
			<array>
				<string>5306CBA8198DBA8B008B9889</string>
				<string>5306CBA9198DBA8B008B9889</string>
				<string>5306CBAC198DBA8B008B9889</string>
				<string>5306CBAE198DBA8B008B9889</string>
			</array>
			<key>isa</key>
			<string>PBXGroup</string>
			<key>name</key>
			<string>Supporting Files</string>
			<key>sourceTree</key>
			<string>&lt;group&gt;</string>
		</dict>
		<key>5306CBA8198DBA8B008B9889</key>
		<dict>
			<key>isa</key>
			<string>PBXFileReference</string>
			<key>lastKnownFileType</key>
			<string>text.plist.xml</string>
			<key>path</key>
			<string>Kache-Info.plist</string>
			<key>sourceTree</key>
			<string>&lt;group&gt;</string>
		</dict>
		<key>5306CBA9198DBA8B008B9889</key>
		<dict>
			<key>children</key>
			<array>
				<string>5306CBAA198DBA8B008B9889</string>
			</array>
			<key>isa</key>
			<string>PBXVariantGroup</string>
			<key>name</key>
			<string>InfoPlist.strings</string>
			<key>sourceTree</key>
			<string>&lt;group&gt;</string>
		</dict>
		<key>5306CBAA198DBA8B008B9889</key>
		<dict>
			<key>isa</key>
			<string>PBXFileReference</string>
			<key>lastKnownFileType</key>
			<string>text.plist.strings</string>
			<key>name</key>
			<string>en</string>
			<key>path</key>
			<string>en.lproj/InfoPlist.strings</string>
			<key>sourceTree</key>
			<string>&lt;group&gt;</string>
		</dict>
		<key>5306CBAB198DBA8B008B9889</key>
		<dict>
			<key>fileRef</key>
			<string>5306CBA9198DBA8B008B9889</string>
			<key>isa</key>
			<string>PBXBuildFile</string>
		</dict>
		<key>5306CBAC198DBA8B008B9889</key>
		<dict>
			<key>isa</key>
			<string>PBXFileReference</string>
			<key>lastKnownFileType</key>
			<string>sourcecode.c.objc</string>
			<key>path</key>
			<string>main.m</string>
			<key>sourceTree</key>
			<string>&lt;group&gt;</string>
		</dict>
		<key>5306CBAD198DBA8B008B9889</key>
		<dict>
			<key>fileRef</key>
			<string>5306CBAC198DBA8B008B9889</string>
			<key>isa</key>
			<string>PBXBuildFile</string>
		</dict>
		<key>5306CBAE198DBA8B008B9889</key>
		<dict>
			<key>isa</key>
			<string>PBXFileReference</string>
			<key>lastKnownFileType</key>
			<string>sourcecode.c.h</string>
			<key>path</key>
			<string>Kache-Prefix.pch</string>
			<key>sourceTree</key>
			<string>&lt;group&gt;</string>
		</dict>
		<key>5306CBAF198DBA8B008B9889</key>
		<dict>
			<key>isa</key>
			<string>PBXFileReference</string>
			<key>lastKnownFileType</key>
			<string>sourcecode.c.h</string>
			<key>path</key>
			<string>AppDelegate.h</string>
			<key>sourceTree</key>
			<string>&lt;group&gt;</string>
		</dict>
		<key>5306CBB0198DBA8B008B9889</key>
		<dict>
			<key>isa</key>
			<string>PBXFileReference</string>
			<key>lastKnownFileType</key>
			<string>sourcecode.c.objc</string>
			<key>path</key>
			<string>AppDelegate.m</string>
			<key>sourceTree</key>
			<string>&lt;group&gt;</string>
		</dict>
		<key>5306CBB1198DBA8B008B9889</key>
		<dict>
			<key>fileRef</key>
			<string>5306CBB0198DBA8B008B9889</string>
			<key>isa</key>
			<string>PBXBuildFile</string>
		</dict>
		<key>5306CBB2198DBA8B008B9889</key>
		<dict>
			<key>children</key>
			<array>
				<string>5306CBB3198DBA8B008B9889</string>
			</array>
			<key>isa</key>
			<string>PBXVariantGroup</string>
			<key>name</key>
			<string>Main.storyboard</string>
			<key>sourceTree</key>
			<string>&lt;group&gt;</string>
		</dict>
		<key>5306CBB3198DBA8B008B9889</key>
		<dict>
			<key>isa</key>
			<string>PBXFileReference</string>
			<key>lastKnownFileType</key>
			<string>file.storyboard</string>
			<key>name</key>
			<string>Base</string>
			<key>path</key>
			<string>Base.lproj/Main.storyboard</string>
			<key>sourceTree</key>
			<string>&lt;group&gt;</string>
		</dict>
		<key>5306CBB4198DBA8B008B9889</key>
		<dict>
			<key>fileRef</key>
			<string>5306CBB2198DBA8B008B9889</string>
			<key>isa</key>
			<string>PBXBuildFile</string>
		</dict>
		<key>5306CBB8198DBA8B008B9889</key>
		<dict>
			<key>isa</key>
			<string>PBXFileReference</string>
			<key>lastKnownFileType</key>
			<string>folder.assetcatalog</string>
			<key>path</key>
			<string>Images.xcassets</string>
			<key>sourceTree</key>
			<string>&lt;group&gt;</string>
		</dict>
		<key>5306CBB9198DBA8B008B9889</key>
		<dict>
			<key>fileRef</key>
			<string>5306CBB8198DBA8B008B9889</string>
			<key>isa</key>
			<string>PBXBuildFile</string>
		</dict>
		<key>5306CBBA198DBA8B008B9889</key>
		<dict>
			<key>buildActionMask</key>
			<string>2147483647</string>
			<key>files</key>
			<array>
				<string>5306CBCC198DBA8B008B9889</string>
			</array>
			<key>isa</key>
			<string>PBXSourcesBuildPhase</string>
			<key>runOnlyForDeploymentPostprocessing</key>
			<string>0</string>
		</dict>
		<key>5306CBBB198DBA8B008B9889</key>
		<dict>
			<key>buildActionMask</key>
			<string>2147483647</string>
			<key>files</key>
			<array>
				<string>5306CBC0198DBA8B008B9889</string>
				<string>5306CBC2198DBA8B008B9889</string>
				<string>5306CBC1198DBA8B008B9889</string>
			</array>
			<key>isa</key>
			<string>PBXFrameworksBuildPhase</string>
			<key>runOnlyForDeploymentPostprocessing</key>
			<string>0</string>
		</dict>
		<key>5306CBBC198DBA8B008B9889</key>
		<dict>
			<key>buildActionMask</key>
			<string>2147483647</string>
			<key>files</key>
			<array>
				<string>5306CBCA198DBA8B008B9889</string>
			</array>
			<key>isa</key>
			<string>PBXResourcesBuildPhase</string>
			<key>runOnlyForDeploymentPostprocessing</key>
			<string>0</string>
		</dict>
		<key>5306CBBD198DBA8B008B9889</key>
		<dict>
			<key>buildConfigurationList</key>
			<string>5306CBD2198DBA8B008B9889</string>
			<key>buildPhases</key>
			<array>
				<string>5306CBBA198DBA8B008B9889</string>
				<string>5306CBBB198DBA8B008B9889</string>
				<string>5306CBBC198DBA8B008B9889</string>
			</array>
			<key>buildRules</key>
			<array/>
			<key>dependencies</key>
			<array>
				<string>5306CBC4198DBA8B008B9889</string>
			</array>
			<key>isa</key>
			<string>PBXNativeTarget</string>
			<key>name</key>
			<string>KacheTests</string>
			<key>productName</key>
			<string>KacheTests</string>
			<key>productReference</key>
			<string>5306CBBE198DBA8B008B9889</string>
			<key>productType</key>
			<string>com.apple.product-type.bundle.unit-test</string>
		</dict>
		<key>5306CBBE198DBA8B008B9889</key>
		<dict>
			<key>explicitFileType</key>
			<string>wrapper.cfbundle</string>
			<key>includeInIndex</key>
			<string>0</string>
			<key>isa</key>
			<string>PBXFileReference</string>
			<key>path</key>
			<string>KacheTests.xctest</string>
			<key>sourceTree</key>
			<string>BUILT_PRODUCTS_DIR</string>
		</dict>
		<key>5306CBBF198DBA8B008B9889</key>
		<dict>
			<key>isa</key>
			<string>PBXFileReference</string>
			<key>lastKnownFileType</key>
			<string>wrapper.framework</string>
			<key>name</key>
			<string>XCTest.framework</string>
			<key>path</key>
			<string>Library/Frameworks/XCTest.framework</string>
			<key>sourceTree</key>
			<string>DEVELOPER_DIR</string>
		</dict>
		<key>5306CBC0198DBA8B008B9889</key>
		<dict>
			<key>fileRef</key>
			<string>5306CBBF198DBA8B008B9889</string>
			<key>isa</key>
			<string>PBXBuildFile</string>
		</dict>
		<key>5306CBC1198DBA8B008B9889</key>
		<dict>
			<key>fileRef</key>
			<string>5306CBA0198DBA8B008B9889</string>
			<key>isa</key>
			<string>PBXBuildFile</string>
		</dict>
		<key>5306CBC2198DBA8B008B9889</key>
		<dict>
			<key>fileRef</key>
			<string>5306CBA4198DBA8B008B9889</string>
			<key>isa</key>
			<string>PBXBuildFile</string>
		</dict>
		<key>5306CBC3198DBA8B008B9889</key>
		<dict>
			<key>containerPortal</key>
			<string>5306CB95198DBA8A008B9889</string>
			<key>isa</key>
			<string>PBXContainerItemProxy</string>
			<key>proxyType</key>
			<string>1</string>
			<key>remoteGlobalIDString</key>
			<string>5306CB9C198DBA8A008B9889</string>
			<key>remoteInfo</key>
			<string>Kache</string>
		</dict>
		<key>5306CBC4198DBA8B008B9889</key>
		<dict>
			<key>isa</key>
			<string>PBXTargetDependency</string>
			<key>target</key>
			<string>5306CB9C198DBA8A008B9889</string>
			<key>targetProxy</key>
			<string>5306CBC3198DBA8B008B9889</string>
		</dict>
		<key>5306CBC5198DBA8B008B9889</key>
		<dict>
			<key>children</key>
			<array>
				<string>5306CBCB198DBA8B008B9889</string>
				<string>5306CBC6198DBA8B008B9889</string>
			</array>
			<key>isa</key>
			<string>PBXGroup</string>
			<key>path</key>
			<string>KacheTests</string>
			<key>sourceTree</key>
			<string>&lt;group&gt;</string>
		</dict>
		<key>5306CBC6198DBA8B008B9889</key>
		<dict>
			<key>children</key>
			<array>
				<string>5306CBC7198DBA8B008B9889</string>
				<string>5306CBC8198DBA8B008B9889</string>
			</array>
			<key>isa</key>
			<string>PBXGroup</string>
			<key>name</key>
			<string>Supporting Files</string>
			<key>sourceTree</key>
			<string>&lt;group&gt;</string>
		</dict>
		<key>5306CBC7198DBA8B008B9889</key>
		<dict>
			<key>isa</key>
			<string>PBXFileReference</string>
			<key>lastKnownFileType</key>
			<string>text.plist.xml</string>
			<key>path</key>
			<string>KacheTests-Info.plist</string>
			<key>sourceTree</key>
			<string>&lt;group&gt;</string>
		</dict>
		<key>5306CBC8198DBA8B008B9889</key>
		<dict>
			<key>children</key>
			<array>
				<string>5306CBC9198DBA8B008B9889</string>
			</array>
			<key>isa</key>
			<string>PBXVariantGroup</string>
			<key>name</key>
			<string>InfoPlist.strings</string>
			<key>sourceTree</key>
			<string>&lt;group&gt;</string>
		</dict>
		<key>5306CBC9198DBA8B008B9889</key>
		<dict>
			<key>isa</key>
			<string>PBXFileReference</string>
			<key>lastKnownFileType</key>
			<string>text.plist.strings</string>
			<key>name</key>
			<string>en</string>
			<key>path</key>
			<string>en.lproj/InfoPlist.strings</string>
			<key>sourceTree</key>
			<string>&lt;group&gt;</string>
		</dict>
		<key>5306CBCA198DBA8B008B9889</key>
		<dict>
			<key>fileRef</key>
			<string>5306CBC8198DBA8B008B9889</string>
			<key>isa</key>
			<string>PBXBuildFile</string>
		</dict>
		<key>5306CBCB198DBA8B008B9889</key>
		<dict>
			<key>isa</key>
			<string>PBXFileReference</string>
			<key>lastKnownFileType</key>
			<string>sourcecode.c.objc</string>
			<key>path</key>
			<string>KacheTests.m</string>
			<key>sourceTree</key>
			<string>&lt;group&gt;</string>
		</dict>
		<key>5306CBCC198DBA8B008B9889</key>
		<dict>
			<key>fileRef</key>
			<string>5306CBCB198DBA8B008B9889</string>
			<key>isa</key>
			<string>PBXBuildFile</string>
		</dict>
		<key>5306CBCD198DBA8B008B9889</key>
		<dict>
			<key>buildSettings</key>
			<dict>
				<key>ALWAYS_SEARCH_USER_PATHS</key>
				<string>NO</string>
				<key>CLANG_CXX_LANGUAGE_STANDARD</key>
				<string>gnu++0x</string>
				<key>CLANG_CXX_LIBRARY</key>
				<string>libc++</string>
				<key>CLANG_ENABLE_MODULES</key>
				<string>YES</string>
				<key>CLANG_ENABLE_OBJC_ARC</key>
				<string>YES</string>
				<key>CLANG_WARN_BOOL_CONVERSION</key>
				<string>YES</string>
				<key>CLANG_WARN_CONSTANT_CONVERSION</key>
				<string>YES</string>
				<key>CLANG_WARN_DIRECT_OBJC_ISA_USAGE</key>
				<string>YES_ERROR</string>
				<key>CLANG_WARN_EMPTY_BODY</key>
				<string>YES</string>
				<key>CLANG_WARN_ENUM_CONVERSION</key>
				<string>YES</string>
				<key>CLANG_WARN_INT_CONVERSION</key>
				<string>YES</string>
				<key>CLANG_WARN_OBJC_ROOT_CLASS</key>
				<string>YES_ERROR</string>
				<key>CLANG_WARN__DUPLICATE_METHOD_MATCH</key>
				<string>YES</string>
				<key>CODE_SIGN_IDENTITY[sdk=iphoneos*]</key>
				<string>iPhone Developer</string>
				<key>COPY_PHASE_STRIP</key>
				<string>NO</string>
				<key>GCC_C_LANGUAGE_STANDARD</key>
				<string>gnu99</string>
				<key>GCC_DYNAMIC_NO_PIC</key>
				<string>NO</string>
				<key>GCC_OPTIMIZATION_LEVEL</key>
				<string>0</string>
				<key>GCC_PREPROCESSOR_DEFINITIONS</key>
				<array>
					<string>DEBUG=1</string>
					<string>$(inherited)</string>
				</array>
				<key>GCC_SYMBOLS_PRIVATE_EXTERN</key>
				<string>NO</string>
				<key>GCC_WARN_64_TO_32_BIT_CONVERSION</key>
				<string>YES</string>
				<key>GCC_WARN_ABOUT_RETURN_TYPE</key>
				<string>YES_ERROR</string>
				<key>GCC_WARN_UNDECLARED_SELECTOR</key>
				<string>YES</string>
				<key>GCC_WARN_UNINITIALIZED_AUTOS</key>
				<string>YES_AGGRESSIVE</string>
				<key>GCC_WARN_UNUSED_FUNCTION</key>
				<string>YES</string>
				<key>GCC_WARN_UNUSED_VARIABLE</key>
				<string>YES</string>
				<key>IPHONEOS_DEPLOYMENT_TARGET</key>
				<string>7.1</string>
				<key>ONLY_ACTIVE_ARCH</key>
				<string>YES</string>
				<key>SDKROOT</key>
				<string>iphoneos</string>
			</dict>
			<key>isa</key>
			<string>XCBuildConfiguration</string>
			<key>name</key>
			<string>Debug</string>
		</dict>
		<key>5306CBCE198DBA8B008B9889</key>
		<dict>
			<key>buildSettings</key>
			<dict>
				<key>ALWAYS_SEARCH_USER_PATHS</key>
				<string>NO</string>
				<key>CLANG_CXX_LANGUAGE_STANDARD</key>
				<string>gnu++0x</string>
				<key>CLANG_CXX_LIBRARY</key>
				<string>libc++</string>
				<key>CLANG_ENABLE_MODULES</key>
				<string>YES</string>
				<key>CLANG_ENABLE_OBJC_ARC</key>
				<string>YES</string>
				<key>CLANG_WARN_BOOL_CONVERSION</key>
				<string>YES</string>
				<key>CLANG_WARN_CONSTANT_CONVERSION</key>
				<string>YES</string>
				<key>CLANG_WARN_DIRECT_OBJC_ISA_USAGE</key>
				<string>YES_ERROR</string>
				<key>CLANG_WARN_EMPTY_BODY</key>
				<string>YES</string>
				<key>CLANG_WARN_ENUM_CONVERSION</key>
				<string>YES</string>
				<key>CLANG_WARN_INT_CONVERSION</key>
				<string>YES</string>
				<key>CLANG_WARN_OBJC_ROOT_CLASS</key>
				<string>YES_ERROR</string>
				<key>CLANG_WARN__DUPLICATE_METHOD_MATCH</key>
				<string>YES</string>
				<key>CODE_SIGN_IDENTITY[sdk=iphoneos*]</key>
				<string>iPhone Developer</string>
				<key>COPY_PHASE_STRIP</key>
				<string>YES</string>
				<key>ENABLE_NS_ASSERTIONS</key>
				<string>NO</string>
				<key>GCC_C_LANGUAGE_STANDARD</key>
				<string>gnu99</string>
				<key>GCC_WARN_64_TO_32_BIT_CONVERSION</key>
				<string>YES</string>
				<key>GCC_WARN_ABOUT_RETURN_TYPE</key>
				<string>YES_ERROR</string>
				<key>GCC_WARN_UNDECLARED_SELECTOR</key>
				<string>YES</string>
				<key>GCC_WARN_UNINITIALIZED_AUTOS</key>
				<string>YES_AGGRESSIVE</string>
				<key>GCC_WARN_UNUSED_FUNCTION</key>
				<string>YES</string>
				<key>GCC_WARN_UNUSED_VARIABLE</key>
				<string>YES</string>
				<key>IPHONEOS_DEPLOYMENT_TARGET</key>
				<string>7.1</string>
				<key>SDKROOT</key>
				<string>iphoneos</string>
				<key>VALIDATE_PRODUCT</key>
				<string>YES</string>
			</dict>
			<key>isa</key>
			<string>XCBuildConfiguration</string>
			<key>name</key>
			<string>Release</string>
		</dict>
		<key>5306CBCF198DBA8B008B9889</key>
		<dict>
			<key>buildConfigurations</key>
			<array>
				<string>5306CBD0198DBA8B008B9889</string>
				<string>5306CBD1198DBA8B008B9889</string>
			</array>
			<key>defaultConfigurationIsVisible</key>
			<string>0</string>
			<key>defaultConfigurationName</key>
			<string>Release</string>
			<key>isa</key>
			<string>XCConfigurationList</string>
		</dict>
		<key>5306CBD0198DBA8B008B9889</key>
		<dict>
			<key>baseConfigurationReference</key>
			<string>DC270AFCC8F7430C930BAD0A</string>
			<key>buildSettings</key>
			<dict>
				<key>ASSETCATALOG_COMPILER_APPICON_NAME</key>
				<string>AppIcon</string>
				<key>ASSETCATALOG_COMPILER_LAUNCHIMAGE_NAME</key>
				<string>LaunchImage</string>
				<key>CODE_SIGN_IDENTITY</key>
				<string>iPhone Developer</string>
				<key>CODE_SIGN_IDENTITY[sdk=iphoneos*]</key>
				<string>iPhone Developer</string>
				<key>FRAMEWORK_SEARCH_PATHS</key>
				<array>
					<string>$(inherited)</string>
					<string>$(PROJECT_DIR)</string>
				</array>
				<key>GCC_PRECOMPILE_PREFIX_HEADER</key>
				<string>YES</string>
				<key>GCC_PREFIX_HEADER</key>
				<string>Kache/Kache-Prefix.pch</string>
				<key>INFOPLIST_FILE</key>
				<string>Kache/Kache-Info.plist</string>
				<key>LIBRARY_SEARCH_PATHS</key>
				<array>
					<string>$(inherited)</string>
					<string>$(PROJECT_DIR)/CardIO</string>
				</array>
				<key>OTHER_LDFLAGS</key>
				<string>-lc++</string>
				<key>PRODUCT_NAME</key>
				<string>$(TARGET_NAME)</string>
				<key>PROVISIONING_PROFILE</key>
				<string></string>
				<key>WRAPPER_EXTENSION</key>
				<string>app</string>
			</dict>
			<key>isa</key>
			<string>XCBuildConfiguration</string>
			<key>name</key>
			<string>Debug</string>
		</dict>
		<key>5306CBD1198DBA8B008B9889</key>
		<dict>
			<key>baseConfigurationReference</key>
			<string>DC270AFCC8F7430C930BAD0A</string>
			<key>buildSettings</key>
			<dict>
				<key>ASSETCATALOG_COMPILER_APPICON_NAME</key>
				<string>AppIcon</string>
				<key>ASSETCATALOG_COMPILER_LAUNCHIMAGE_NAME</key>
				<string>LaunchImage</string>
				<key>CODE_SIGN_IDENTITY</key>
				<string>iPhone Developer</string>
				<key>CODE_SIGN_IDENTITY[sdk=iphoneos*]</key>
				<string>iPhone Developer</string>
				<key>FRAMEWORK_SEARCH_PATHS</key>
				<array>
					<string>$(inherited)</string>
					<string>$(PROJECT_DIR)</string>
				</array>
				<key>GCC_PRECOMPILE_PREFIX_HEADER</key>
				<string>YES</string>
				<key>GCC_PREFIX_HEADER</key>
				<string>Kache/Kache-Prefix.pch</string>
				<key>INFOPLIST_FILE</key>
				<string>Kache/Kache-Info.plist</string>
				<key>LIBRARY_SEARCH_PATHS</key>
				<array>
					<string>$(inherited)</string>
					<string>$(PROJECT_DIR)/CardIO</string>
				</array>
				<key>OTHER_LDFLAGS</key>
				<string>-lc++</string>
				<key>PRODUCT_NAME</key>
				<string>$(TARGET_NAME)</string>
				<key>PROVISIONING_PROFILE</key>
				<string></string>
				<key>WRAPPER_EXTENSION</key>
				<string>app</string>
			</dict>
			<key>isa</key>
			<string>XCBuildConfiguration</string>
			<key>name</key>
			<string>Release</string>
		</dict>
		<key>5306CBD2198DBA8B008B9889</key>
		<dict>
			<key>buildConfigurations</key>
			<array>
				<string>5306CBD3198DBA8B008B9889</string>
				<string>5306CBD4198DBA8B008B9889</string>
			</array>
			<key>defaultConfigurationIsVisible</key>
			<string>0</string>
			<key>defaultConfigurationName</key>
			<string>Release</string>
			<key>isa</key>
			<string>XCConfigurationList</string>
		</dict>
		<key>5306CBD3198DBA8B008B9889</key>
		<dict>
			<key>buildSettings</key>
			<dict>
				<key>BUNDLE_LOADER</key>
				<string>$(BUILT_PRODUCTS_DIR)/Kache.app/Kache</string>
				<key>FRAMEWORK_SEARCH_PATHS</key>
				<array>
					<string>$(SDKROOT)/Developer/Library/Frameworks</string>
					<string>$(inherited)</string>
					<string>$(DEVELOPER_FRAMEWORKS_DIR)</string>
				</array>
				<key>GCC_PRECOMPILE_PREFIX_HEADER</key>
				<string>YES</string>
				<key>GCC_PREFIX_HEADER</key>
				<string>Kache/Kache-Prefix.pch</string>
				<key>GCC_PREPROCESSOR_DEFINITIONS</key>
				<array>
					<string>DEBUG=1</string>
					<string>$(inherited)</string>
				</array>
				<key>INFOPLIST_FILE</key>
				<string>KacheTests/KacheTests-Info.plist</string>
				<key>PRODUCT_NAME</key>
				<string>$(TARGET_NAME)</string>
				<key>TEST_HOST</key>
				<string>$(BUNDLE_LOADER)</string>
				<key>WRAPPER_EXTENSION</key>
				<string>xctest</string>
			</dict>
			<key>isa</key>
			<string>XCBuildConfiguration</string>
			<key>name</key>
			<string>Debug</string>
		</dict>
		<key>5306CBD4198DBA8B008B9889</key>
		<dict>
			<key>buildSettings</key>
			<dict>
				<key>BUNDLE_LOADER</key>
				<string>$(BUILT_PRODUCTS_DIR)/Kache.app/Kache</string>
				<key>FRAMEWORK_SEARCH_PATHS</key>
				<array>
					<string>$(SDKROOT)/Developer/Library/Frameworks</string>
					<string>$(inherited)</string>
					<string>$(DEVELOPER_FRAMEWORKS_DIR)</string>
				</array>
				<key>GCC_PRECOMPILE_PREFIX_HEADER</key>
				<string>YES</string>
				<key>GCC_PREFIX_HEADER</key>
				<string>Kache/Kache-Prefix.pch</string>
				<key>INFOPLIST_FILE</key>
				<string>KacheTests/KacheTests-Info.plist</string>
				<key>PRODUCT_NAME</key>
				<string>$(TARGET_NAME)</string>
				<key>TEST_HOST</key>
				<string>$(BUNDLE_LOADER)</string>
				<key>WRAPPER_EXTENSION</key>
				<string>xctest</string>
			</dict>
			<key>isa</key>
			<string>XCBuildConfiguration</string>
			<key>name</key>
			<string>Release</string>
		</dict>
		<key>538C0805198DE1C000595A06</key>
		<dict>
			<key>fileEncoding</key>
			<string>4</string>
			<key>isa</key>
			<string>PBXFileReference</string>
			<key>lastKnownFileType</key>
			<string>sourcecode.c.h</string>
			<key>path</key>
			<string>LoginViewController.h</string>
			<key>sourceTree</key>
			<string>&lt;group&gt;</string>
		</dict>
		<key>538C0806198DE1C000595A06</key>
		<dict>
			<key>fileEncoding</key>
			<string>4</string>
			<key>isa</key>
			<string>PBXFileReference</string>
			<key>lastKnownFileType</key>
			<string>sourcecode.c.objc</string>
			<key>path</key>
			<string>LoginViewController.m</string>
			<key>sourceTree</key>
			<string>&lt;group&gt;</string>
		</dict>
		<key>538C0807198DE1C000595A06</key>
		<dict>
			<key>fileRef</key>
			<string>538C0806198DE1C000595A06</string>
			<key>isa</key>
			<string>PBXBuildFile</string>
		</dict>
		<key>538C0808198DE1EA00595A06</key>
		<dict>
			<key>isa</key>
			<string>PBXFileReference</string>
			<key>lastKnownFileType</key>
			<string>wrapper.framework</string>
			<key>path</key>
			<string>FacebookSDK.framework</string>
			<key>sourceTree</key>
			<string>&lt;group&gt;</string>
		</dict>
		<key>538C0809198DE1EA00595A06</key>
		<dict>
			<key>fileRef</key>
			<string>538C0808198DE1EA00595A06</string>
			<key>isa</key>
			<string>PBXBuildFile</string>
		</dict>
		<key>538C080A198DE1F400595A06</key>
		<dict>
			<key>isa</key>
			<string>PBXFileReference</string>
			<key>lastKnownFileType</key>
			<string>wrapper.framework</string>
			<key>path</key>
			<string>Parse.framework</string>
			<key>sourceTree</key>
			<string>&lt;group&gt;</string>
		</dict>
		<key>538C080B198DE1F400595A06</key>
		<dict>
			<key>fileRef</key>
			<string>538C080A198DE1F400595A06</string>
			<key>isa</key>
			<string>PBXBuildFile</string>
		</dict>
		<key>538C080C198DE37400595A06</key>
		<dict>
			<key>isa</key>
			<string>PBXFileReference</string>
			<key>lastKnownFileType</key>
			<string>wrapper.framework</string>
			<key>name</key>
			<string>AudioToolbox.framework</string>
			<key>path</key>
			<string>System/Library/Frameworks/AudioToolbox.framework</string>
			<key>sourceTree</key>
			<string>SDKROOT</string>
		</dict>
		<key>538C080D198DE37400595A06</key>
		<dict>
			<key>fileRef</key>
			<string>538C080C198DE37400595A06</string>
			<key>isa</key>
			<string>PBXBuildFile</string>
		</dict>
		<key>538C080E198DE37B00595A06</key>
		<dict>
			<key>isa</key>
			<string>PBXFileReference</string>
			<key>lastKnownFileType</key>
			<string>wrapper.framework</string>
			<key>name</key>
			<string>CFNetwork.framework</string>
			<key>path</key>
			<string>System/Library/Frameworks/CFNetwork.framework</string>
			<key>sourceTree</key>
			<string>SDKROOT</string>
		</dict>
		<key>538C080F198DE37B00595A06</key>
		<dict>
			<key>fileRef</key>
			<string>538C080E198DE37B00595A06</string>
			<key>isa</key>
			<string>PBXBuildFile</string>
		</dict>
		<key>538C0810198DE38A00595A06</key>
		<dict>
			<key>isa</key>
			<string>PBXFileReference</string>
			<key>lastKnownFileType</key>
			<string>wrapper.framework</string>
			<key>name</key>
			<string>CoreLocation.framework</string>
			<key>path</key>
			<string>System/Library/Frameworks/CoreLocation.framework</string>
			<key>sourceTree</key>
			<string>SDKROOT</string>
		</dict>
		<key>538C0811198DE38A00595A06</key>
		<dict>
			<key>fileRef</key>
			<string>538C0810198DE38A00595A06</string>
			<key>isa</key>
			<string>PBXBuildFile</string>
		</dict>
		<key>538C0812198DE39100595A06</key>
		<dict>
			<key>isa</key>
			<string>PBXFileReference</string>
			<key>lastKnownFileType</key>
			<string>compiled.mach-o.dylib</string>
			<key>name</key>
			<string>libz.dylib</string>
			<key>path</key>
			<string>usr/lib/libz.dylib</string>
			<key>sourceTree</key>
			<string>SDKROOT</string>
		</dict>
		<key>538C0813198DE39100595A06</key>
		<dict>
			<key>fileRef</key>
			<string>538C0812198DE39100595A06</string>
			<key>isa</key>
			<string>PBXBuildFile</string>
		</dict>
		<key>538C0814198DE39B00595A06</key>
		<dict>
			<key>isa</key>
			<string>PBXFileReference</string>
			<key>lastKnownFileType</key>
			<string>wrapper.framework</string>
			<key>name</key>
			<string>MobileCoreServices.framework</string>
			<key>path</key>
			<string>System/Library/Frameworks/MobileCoreServices.framework</string>
			<key>sourceTree</key>
			<string>SDKROOT</string>
		</dict>
		<key>538C0815198DE39B00595A06</key>
		<dict>
			<key>fileRef</key>
			<string>538C0814198DE39B00595A06</string>
			<key>isa</key>
			<string>PBXBuildFile</string>
		</dict>
		<key>538C0816198DE3A300595A06</key>
		<dict>
			<key>isa</key>
			<string>PBXFileReference</string>
			<key>lastKnownFileType</key>
			<string>wrapper.framework</string>
			<key>name</key>
			<string>QuartzCore.framework</string>
			<key>path</key>
			<string>System/Library/Frameworks/QuartzCore.framework</string>
			<key>sourceTree</key>
			<string>SDKROOT</string>
		</dict>
		<key>538C0817198DE3A300595A06</key>
		<dict>
			<key>fileRef</key>
			<string>538C0816198DE3A300595A06</string>
			<key>isa</key>
			<string>PBXBuildFile</string>
		</dict>
		<key>538C0818198DE3AB00595A06</key>
		<dict>
			<key>isa</key>
			<string>PBXFileReference</string>
			<key>lastKnownFileType</key>
			<string>wrapper.framework</string>
			<key>name</key>
			<string>Security.framework</string>
			<key>path</key>
			<string>System/Library/Frameworks/Security.framework</string>
			<key>sourceTree</key>
			<string>SDKROOT</string>
		</dict>
		<key>538C0819198DE3AB00595A06</key>
		<dict>
			<key>fileRef</key>
			<string>538C0818198DE3AB00595A06</string>
			<key>isa</key>
			<string>PBXBuildFile</string>
		</dict>
		<key>538C081A198DE3B800595A06</key>
		<dict>
			<key>isa</key>
			<string>PBXFileReference</string>
			<key>lastKnownFileType</key>
			<string>wrapper.framework</string>
			<key>name</key>
			<string>StoreKit.framework</string>
			<key>path</key>
			<string>System/Library/Frameworks/StoreKit.framework</string>
			<key>sourceTree</key>
			<string>SDKROOT</string>
		</dict>
		<key>538C081B198DE3B800595A06</key>
		<dict>
			<key>fileRef</key>
			<string>538C081A198DE3B800595A06</string>
			<key>isa</key>
			<string>PBXBuildFile</string>
		</dict>
		<key>538C081C198DE3BF00595A06</key>
		<dict>
			<key>isa</key>
			<string>PBXFileReference</string>
			<key>lastKnownFileType</key>
			<string>wrapper.framework</string>
			<key>name</key>
			<string>SystemConfiguration.framework</string>
			<key>path</key>
			<string>System/Library/Frameworks/SystemConfiguration.framework</string>
			<key>sourceTree</key>
			<string>SDKROOT</string>
		</dict>
		<key>538C081D198DE3BF00595A06</key>
		<dict>
			<key>fileRef</key>
			<string>538C081C198DE3BF00595A06</string>
			<key>isa</key>
			<string>PBXBuildFile</string>
		</dict>
		<key>538C081E198DEDC900595A06</key>
		<dict>
			<key>fileEncoding</key>
			<string>4</string>
			<key>isa</key>
			<string>PBXFileReference</string>
			<key>lastKnownFileType</key>
			<string>sourcecode.c.h</string>
			<key>path</key>
			<string>HomeViewController.h</string>
			<key>sourceTree</key>
			<string>&lt;group&gt;</string>
		</dict>
		<key>538C081F198DEDC900595A06</key>
		<dict>
			<key>fileEncoding</key>
			<string>4</string>
			<key>isa</key>
			<string>PBXFileReference</string>
			<key>lastKnownFileType</key>
			<string>sourcecode.c.objc</string>
			<key>path</key>
			<string>HomeViewController.m</string>
			<key>sourceTree</key>
			<string>&lt;group&gt;</string>
		</dict>
		<key>538C0820198DEDC900595A06</key>
		<dict>
			<key>fileRef</key>
			<string>538C081F198DEDC900595A06</string>
			<key>isa</key>
			<string>PBXBuildFile</string>
		</dict>
		<key>538C0821198E07CA00595A06</key>
		<dict>
			<key>fileEncoding</key>
			<string>4</string>
			<key>isa</key>
			<string>PBXFileReference</string>
			<key>lastKnownFileType</key>
			<string>sourcecode.c.h</string>
			<key>path</key>
			<string>ContainerTableTableViewController.h</string>
			<key>sourceTree</key>
			<string>&lt;group&gt;</string>
		</dict>
		<key>538C0822198E07CA00595A06</key>
		<dict>
			<key>fileEncoding</key>
			<string>4</string>
			<key>isa</key>
			<string>PBXFileReference</string>
			<key>lastKnownFileType</key>
			<string>sourcecode.c.objc</string>
			<key>path</key>
			<string>ContainerTableTableViewController.m</string>
			<key>sourceTree</key>
			<string>&lt;group&gt;</string>
		</dict>
		<key>538C0823198E07CA00595A06</key>
		<dict>
			<key>fileRef</key>
			<string>538C0822198E07CA00595A06</string>
			<key>isa</key>
			<string>PBXBuildFile</string>
		</dict>
		<key>538C0824198E226600595A06</key>
		<dict>
			<key>children</key>
			<array>
				<string>538C0825198E226600595A06</string>
				<string>538C0826198E226600595A06</string>
				<string>538C0827198E226600595A06</string>
				<string>538C0828198E226600595A06</string>
				<string>538C0829198E226600595A06</string>
				<string>538C082A198E226600595A06</string>
				<string>538C082B198E226600595A06</string>
			</array>
			<key>isa</key>
			<string>PBXGroup</string>
			<key>path</key>
			<string>CardIO</string>
			<key>sourceTree</key>
			<string>&lt;group&gt;</string>
		</dict>
		<key>538C0825198E226600595A06</key>
		<dict>
			<key>fileEncoding</key>
			<string>4</string>
			<key>isa</key>
			<string>PBXFileReference</string>
			<key>lastKnownFileType</key>
			<string>sourcecode.c.h</string>
			<key>path</key>
			<string>CardIO.h</string>
			<key>sourceTree</key>
			<string>&lt;group&gt;</string>
		</dict>
		<key>538C0826198E226600595A06</key>
		<dict>
			<key>fileEncoding</key>
			<string>4</string>
			<key>isa</key>
			<string>PBXFileReference</string>
			<key>lastKnownFileType</key>
			<string>sourcecode.c.h</string>
			<key>path</key>
			<string>CardIOCreditCardInfo.h</string>
			<key>sourceTree</key>
			<string>&lt;group&gt;</string>
		</dict>
		<key>538C0827198E226600595A06</key>
		<dict>
			<key>fileEncoding</key>
			<string>4</string>
			<key>isa</key>
			<string>PBXFileReference</string>
			<key>lastKnownFileType</key>
			<string>sourcecode.c.h</string>
			<key>path</key>
			<string>CardIOPaymentViewController.h</string>
			<key>sourceTree</key>
			<string>&lt;group&gt;</string>
		</dict>
		<key>538C0828198E226600595A06</key>
		<dict>
			<key>fileEncoding</key>
			<string>4</string>
			<key>isa</key>
			<string>PBXFileReference</string>
			<key>lastKnownFileType</key>
			<string>sourcecode.c.h</string>
			<key>path</key>
			<string>CardIOPaymentViewControllerDelegate.h</string>
			<key>sourceTree</key>
			<string>&lt;group&gt;</string>
		</dict>
		<key>538C0829198E226600595A06</key>
		<dict>
			<key>fileEncoding</key>
			<string>4</string>
			<key>isa</key>
			<string>PBXFileReference</string>
			<key>lastKnownFileType</key>
			<string>sourcecode.c.h</string>
			<key>path</key>
			<string>CardIOView.h</string>
			<key>sourceTree</key>
			<string>&lt;group&gt;</string>
		</dict>
		<key>538C082A198E226600595A06</key>
		<dict>
			<key>fileEncoding</key>
			<string>4</string>
			<key>isa</key>
			<string>PBXFileReference</string>
			<key>lastKnownFileType</key>
			<string>sourcecode.c.h</string>
			<key>path</key>
			<string>CardIOViewDelegate.h</string>
			<key>sourceTree</key>
			<string>&lt;group&gt;</string>
		</dict>
		<key>538C082B198E226600595A06</key>
		<dict>
			<key>isa</key>
			<string>PBXFileReference</string>
			<key>lastKnownFileType</key>
			<string>archive.ar</string>
			<key>path</key>
			<string>libCardIO.a</string>
			<key>sourceTree</key>
			<string>&lt;group&gt;</string>
		</dict>
		<key>538C082C198E226600595A06</key>
		<dict>
			<key>fileRef</key>
			<string>538C082B198E226600595A06</string>
			<key>isa</key>
			<string>PBXBuildFile</string>
		</dict>
		<key>538C082D198E22D600595A06</key>
		<dict>
			<key>isa</key>
			<string>PBXFileReference</string>
			<key>lastKnownFileType</key>
			<string>wrapper.framework</string>
			<key>name</key>
			<string>AVFoundation.framework</string>
			<key>path</key>
			<string>System/Library/Frameworks/AVFoundation.framework</string>
			<key>sourceTree</key>
			<string>SDKROOT</string>
		</dict>
		<key>538C082E198E22D600595A06</key>
		<dict>
			<key>fileRef</key>
			<string>538C082D198E22D600595A06</string>
			<key>isa</key>
			<string>PBXBuildFile</string>
		</dict>
		<key>538C082F198E23AA00595A06</key>
		<dict>
			<key>fileEncoding</key>
			<string>4</string>
			<key>isa</key>
			<string>PBXFileReference</string>
			<key>lastKnownFileType</key>
			<string>sourcecode.c.h</string>
			<key>path</key>
			<string>CardIOViewController.h</string>
			<key>sourceTree</key>
			<string>&lt;group&gt;</string>
		</dict>
		<key>538C0830198E23AA00595A06</key>
		<dict>
			<key>fileEncoding</key>
			<string>4</string>
			<key>isa</key>
			<string>PBXFileReference</string>
			<key>lastKnownFileType</key>
			<string>sourcecode.c.objc</string>
			<key>path</key>
			<string>CardIOViewController.m</string>
			<key>sourceTree</key>
			<string>&lt;group&gt;</string>
		</dict>
		<key>538C0831198E23AA00595A06</key>
		<dict>
			<key>fileRef</key>
			<string>538C0830198E23AA00595A06</string>
			<key>isa</key>
			<string>PBXBuildFile</string>
		</dict>
		<key>549D30AB5353406B9BF04478</key>
		<dict>
			<key>buildActionMask</key>
			<string>2147483647</string>
			<key>files</key>
			<array/>
			<key>inputPaths</key>
			<array/>
			<key>isa</key>
			<string>PBXShellScriptBuildPhase</string>
			<key>name</key>
			<string>Copy Pods Resources</string>
			<key>outputPaths</key>
			<array/>
			<key>runOnlyForDeploymentPostprocessing</key>
			<string>0</string>
			<key>shellPath</key>
			<string>/bin/sh</string>
			<key>shellScript</key>
			<string>"${SRCROOT}/Pods/Pods-resources.sh"
</string>
			<key>showEnvVarsInLog</key>
			<string>0</string>
		</dict>
		<key>AADA87FF163F4E54B7BF222A</key>
		<dict>
			<key>explicitFileType</key>
			<string>archive.ar</string>
			<key>includeInIndex</key>
			<string>0</string>
			<key>isa</key>
			<string>PBXFileReference</string>
			<key>path</key>
			<string>libPods.a</string>
			<key>sourceTree</key>
			<string>BUILT_PRODUCTS_DIR</string>
		</dict>
		<key>AF51D30089074FA8B7D6C412</key>
		<dict>
			<key>buildActionMask</key>
			<string>2147483647</string>
			<key>files</key>
			<array/>
			<key>inputPaths</key>
			<array/>
			<key>isa</key>
			<string>PBXShellScriptBuildPhase</string>
			<key>name</key>
			<string>Check Pods Manifest.lock</string>
			<key>outputPaths</key>
			<array/>
			<key>runOnlyForDeploymentPostprocessing</key>
			<string>0</string>
			<key>shellPath</key>
			<string>/bin/sh</string>
			<key>shellScript</key>
			<string>diff "${PODS_ROOT}/../Podfile.lock" "${PODS_ROOT}/Manifest.lock" &gt; /dev/null
if [[ $? != 0 ]] ; then
    cat &lt;&lt; EOM
error: The sandbox is not in sync with the Podfile.lock. Run 'pod install' or update your CocoaPods installation.
EOM
    exit 1
fi
</string>
			<key>showEnvVarsInLog</key>
			<string>0</string>
		</dict>
		<key>B261105D16F04F9CADD9EA03</key>
		<dict>
			<key>fileRef</key>
			<string>AADA87FF163F4E54B7BF222A</string>
			<key>isa</key>
			<string>PBXBuildFile</string>
		</dict>
		<key>DC270AFCC8F7430C930BAD0A</key>
		<dict>
			<key>includeInIndex</key>
			<string>1</string>
			<key>isa</key>
			<string>PBXFileReference</string>
			<key>lastKnownFileType</key>
			<string>text.xcconfig</string>
			<key>name</key>
			<string>Pods.xcconfig</string>
			<key>path</key>
			<string>Pods/Pods.xcconfig</string>
			<key>sourceTree</key>
			<string>&lt;group&gt;</string>
		</dict>
	</dict>
	<key>rootObject</key>
	<string>5306CB95198DBA8A008B9889</string>
</dict>
</plist>
